
Microsoft Visual Studio Solution File, Format Version 12.00
# Visual Studio Version 16
VisualStudioVersion = 16.0.31112.23
MinimumVisualStudioVersion = 10.0.40219.1
Project("{FAE04EC0-301F-11D3-BF4B-00C04F79EFBC}") = "interactions", "interactions\interactions.csproj", "{88C5976C-D7EE-4AD5-AAA2-CC81B344DC1A}"
EndProject
Global
	GlobalSection(SolutionConfigurationPlatforms) = preSolution
		Debug|Any CPU = Debug|Any CPU
		Release|Any CPU = Release|Any CPU
	EndGlobalSection
	GlobalSection(ProjectConfigurationPlatforms) = postSolution
		{88C5976C-D7EE-4AD5-AAA2-CC81B344DC1A}.Debug|Any CPU.ActiveCfg = Debug|Any CPU
		{88C5976C-D7EE-4AD5-AAA2-CC81B344DC1A}.Debug|Any CPU.Build.0 = Debug|Any CPU
		{88C5976C-D7EE-4AD5-AAA2-CC81B344DC1A}.Release|Any CPU.ActiveCfg = Release|Any CPU
		{88C5976C-D7EE-4AD5-AAA2-CC81B344DC1A}.Release|Any CPU.Build.0 = Release|Any CPU
	EndGlobalSection
	GlobalSection(SolutionProperties) = preSolution
		HideSolutionNode = FALSE
	EndGlobalSection
	GlobalSection(ExtensibilityGlobals) = postSolution
		SolutionGuid = {D20827EC-3EB9-4112-9870-2E5D34F31FB7}
	EndGlobalSection
EndGlobal
